# Additional Windows platform dependencies; upstream versions/hashes verified
# through PyPI metadata on 2026-10-07. Keep the common reviewed lock unchanged.
colorama==0.4.6 \
    --hash=sha256:4f1d9991f5acc0ca119f9d443620b77f9d6b33703e51011c16baf57afb285fc6
pyreadline3==3.5.4 \
    --hash=sha256:eaf8e6cc3c49bcccf145fc6067ba8643d1df34d604a1ec0eccbf7a18e6d3fae6
