# This file was autogenerated by uv via the following command:
#    uv pip compile --python 3.12 --generate-hashes services/voice-box/requirements-gpu.txt -o services/voice-box/requirements-gpu.lock
nvidia-cublas-cu12==12.8.4.1 \
    --hash=sha256:47e9b82132fa8d2b4944e708049229601448aaad7e6f296f630f2d1a32de35af \
    --hash=sha256:8ac4e771d5a348c551b2a426eda6193c19aa630236b418086020df5ba9667142 \
    --hash=sha256:b86f6dd8935884615a0683b663891d43781b819ac4f2ba2b0c9604676af346d0
    # via
    #   -r services/voice-box/requirements-gpu.txt
    #   nvidia-cudnn-cu12
nvidia-cudnn-cu12==9.8.0.87 \
    --hash=sha256:b4b5cfddc32aa4180f9d390ee99e9a9f55a89e7087329b41aba4319327e22466 \
    --hash=sha256:b883faeb2f6f15dba7bbb6756eab6a0d9cecb59db5b0fa07577b9cfa24cd99f4 \
    --hash=sha256:d6b02cd0e3e24aa31d0193a8c39fec239354360d7d81055edddb69f35d53a4c8
    # via -r services/voice-box/requirements-gpu.txt
